
Microsoft Visual Studio Solution File, Format Version 12.00
# Visual Studio 15
VisualStudioVersion = 15.0.27130.2010
MinimumVisualStudioVersion = 10.0.40219.1
Project("{9A19103F-16F7-4668-BE54-9A1E7A4F7556}") = "HAMWeb", "HAMWeb\HAMWeb.csproj", "{1F779144-84F1-4B62-9D33-C734F6B3DAE8}"
EndProject
Project("{9A19103F-16F7-4668-BE54-9A1E7A4F7556}") = "HAMDataLibrary", "HAMDataLibrary\HAMDataLibrary.csproj", "{1ABC4832-8495-4D39-9D4E-4859E25C9307}"
EndProject
Project("{FAE04EC0-301F-11D3-BF4B-00C04F79EFBC}") = "HAMApp.Android", "HAMApp\HAMApp.Android\HAMApp.Android.csproj", "{E1C9D91B-4534-4000-A933-464C57EA6703}"
EndProject
Project("{FAE04EC0-301F-11D3-BF4B-00C04F79EFBC}") = "HAMApp.iOS", "HAMApp\HAMApp.iOS\HAMApp.iOS.csproj", "{122CB193-70DA-4802-B0E0-50B765BC4C2C}"
EndProject
Project("{9A19103F-16F7-4668-BE54-9A1E7A4F7556}") = "HAMApp", "HAMApp\HAMApp\HAMApp.csproj", "{5C661864-397E-48C9-A808-BE32CE84B169}"
EndProject
Project("{FAE04EC0-301F-11D3-BF4B-00C04F79EFBC}") = "HAM.Models", "HAM.Models\HAM.Models.csproj", "{BBC15AC4-45CB-40D1-928A-91C047D52F1A}"
EndProject
Global
	GlobalSection(SolutionConfigurationPlatforms) = preSolution
		Ad-Hoc|Any CPU = Ad-Hoc|Any CPU
		Ad-Hoc|iPhone = Ad-Hoc|iPhone
		Ad-Hoc|iPhoneSimulator = Ad-Hoc|iPhoneSimulator
		AppStore|Any CPU = AppStore|Any CPU
		AppStore|iPhone = AppStore|iPhone
		AppStore|iPhoneSimulator = AppStore|iPhoneSimulator
		Debug|Any CPU = Debug|Any CPU
		Debug|iPhone = Debug|iPhone
		Debug|iPhoneSimulator = Debug|iPhoneSimulator
		Release|Any CPU = Release|Any CPU
		Release|iPhone = Release|iPhone
		Release|iPhoneSimulator = Release|iPhoneSimulator
	EndGlobalSection
	GlobalSection(ProjectConfigurationPlatforms) = postSolution
		{1F779144-84F1-4B62-9D33-C734F6B3DAE8}.Ad-Hoc|Any CPU.ActiveCfg = Release|Any CPU
		{1F779144-84F1-4B62-9D33-C734F6B3DAE8}.Ad-Hoc|Any CPU.Build.0 = Release|Any CPU
		{1F779144-84F1-4B62-9D33-C734F6B3DAE8}.Ad-Hoc|iPhone.ActiveCfg = Release|Any CPU
		{1F779144-84F1-4B62-9D33-C734F6B3DAE8}.Ad-Hoc|iPhone.Build.0 = Release|Any CPU
		{1F779144-84F1-4B62-9D33-C734F6B3DAE8}.Ad-Hoc|iPhoneSimulator.ActiveCfg = Release|Any CPU
		{1F779144-84F1-4B62-9D33-C734F6B3DAE8}.Ad-Hoc|iPhoneSimulator.Build.0 = Release|Any CPU
		{1F779144-84F1-4B62-9D33-C734F6B3DAE8}.AppStore|Any CPU.ActiveCfg = Release|Any CPU
		{1F779144-84F1-4B62-9D33-C734F6B3DAE8}.AppStore|Any CPU.Build.0 = Release|Any CPU
		{1F779144-84F1-4B62-9D33-C734F6B3DAE8}.AppStore|iPhone.ActiveCfg = Release|Any CPU
		{1F779144-84F1-4B62-9D33-C734F6B3DAE8}.AppStore|iPhone.Build.0 = Release|Any CPU
		{1F779144-84F1-4B62-9D33-C734F6B3DAE8}.AppStore|iPhoneSimulator.ActiveCfg = Release|Any CPU
		{1F779144-84F1-4B62-9D33-C734F6B3DAE8}.AppStore|iPhoneSimulator.Build.0 = Release|Any CPU
		{1F779144-84F1-4B62-9D33-C734F6B3DAE8}.Debug|Any CPU.ActiveCfg = Debug|Any CPU
		{1F779144-84F1-4B62-9D33-C734F6B3DAE8}.Debug|Any CPU.Build.0 = Debug|Any CPU
		{1F779144-84F1-4B62-9D33-C734F6B3DAE8}.Debug|iPhone.ActiveCfg = Debug|Any CPU
		{1F779144-84F1-4B62-9D33-C734F6B3DAE8}.Debug|iPhone.Build.0 = Debug|Any CPU
		{1F779144-84F1-4B62-9D33-C734F6B3DAE8}.Debug|iPhoneSimulator.ActiveCfg = Debug|Any CPU
		{1F779144-84F1-4B62-9D33-C734F6B3DAE8}.Debug|iPhoneSimulator.Build.0 = Debug|Any CPU
		{1F779144-84F1-4B62-9D33-C734F6B3DAE8}.Release|Any CPU.ActiveCfg = Release|Any CPU
		{1F779144-84F1-4B62-9D33-C734F6B3DAE8}.Release|Any CPU.Build.0 = Release|Any CPU
		{1F779144-84F1-4B62-9D33-C734F6B3DAE8}.Release|iPhone.ActiveCfg = Release|Any CPU
		{1F779144-84F1-4B62-9D33-C734F6B3DAE8}.Release|iPhone.Build.0 = Release|Any CPU
		{1F779144-84F1-4B62-9D33-C734F6B3DAE8}.Release|iPhoneSimulator.ActiveCfg = Release|Any CPU
		{1F779144-84F1-4B62-9D33-C734F6B3DAE8}.Release|iPhoneSimulator.Build.0 = Release|Any CPU
		{1ABC4832-8495-4D39-9D4E-4859E25C9307}.Ad-Hoc|Any CPU.ActiveCfg = Release|Any CPU
		{1ABC4832-8495-4D39-9D4E-4859E25C9307}.Ad-Hoc|Any CPU.Build.0 = Release|Any CPU
		{1ABC4832-8495-4D39-9D4E-4859E25C9307}.Ad-Hoc|iPhone.ActiveCfg = Release|Any CPU
		{1ABC4832-8495-4D39-9D4E-4859E25C9307}.Ad-Hoc|iPhone.Build.0 = Release|Any CPU
		{1ABC4832-8495-4D39-9D4E-4859E25C9307}.Ad-Hoc|iPhoneSimulator.ActiveCfg = Release|Any CPU
		{1ABC4832-8495-4D39-9D4E-4859E25C9307}.Ad-Hoc|iPhoneSimulator.Build.0 = Release|Any CPU
		{1ABC4832-8495-4D39-9D4E-4859E25C9307}.AppStore|Any CPU.ActiveCfg = Release|Any CPU
		{1ABC4832-8495-4D39-9D4E-4859E25C9307}.AppStore|Any CPU.Build.0 = Release|Any CPU
		{1ABC4832-8495-4D39-9D4E-4859E25C9307}.AppStore|iPhone.ActiveCfg = Release|Any CPU
		{1ABC4832-8495-4D39-9D4E-4859E25C9307}.AppStore|iPhone.Build.0 = Release|Any CPU
		{1ABC4832-8495-4D39-9D4E-4859E25C9307}.AppStore|iPhoneSimulator.ActiveCfg = Release|Any CPU
		{1ABC4832-8495-4D39-9D4E-4859E25C9307}.AppStore|iPhoneSimulator.Build.0 = Release|Any CPU
		{1ABC4832-8495-4D39-9D4E-4859E25C9307}.Debug|Any CPU.ActiveCfg = Debug|Any CPU
		{1ABC4832-8495-4D39-9D4E-4859E25C9307}.Debug|Any CPU.Build.0 = Debug|Any CPU
		{1ABC4832-8495-4D39-9D4E-4859E25C9307}.Debug|iPhone.ActiveCfg = Debug|Any CPU
		{1ABC4832-8495-4D39-9D4E-4859E25C9307}.Debug|iPhone.Build.0 = Debug|Any CPU
		{1ABC4832-8495-4D39-9D4E-4859E25C9307}.Debug|iPhoneSimulator.ActiveCfg = Debug|Any CPU
		{1ABC4832-8495-4D39-9D4E-4859E25C9307}.Debug|iPhoneSimulator.Build.0 = Debug|Any CPU
		{1ABC4832-8495-4D39-9D4E-4859E25C9307}.Release|Any CPU.ActiveCfg = Release|Any CPU
		{1ABC4832-8495-4D39-9D4E-4859E25C9307}.Release|Any CPU.Build.0 = Release|Any CPU
		{1ABC4832-8495-4D39-9D4E-4859E25C9307}.Release|iPhone.ActiveCfg = Release|Any CPU
		{1ABC4832-8495-4D39-9D4E-4859E25C9307}.Release|iPhone.Build.0 = Release|Any CPU
		{1ABC4832-8495-4D39-9D4E-4859E25C9307}.Release|iPhoneSimulator.ActiveCfg = Release|Any CPU
		{1ABC4832-8495-4D39-9D4E-4859E25C9307}.Release|iPhoneSimulator.Build.0 = Release|Any CPU
		{E1C9D91B-4534-4000-A933-464C57EA6703}.Ad-Hoc|Any CPU.ActiveCfg = Release|Any CPU
		{E1C9D91B-4534-4000-A933-464C57EA6703}.Ad-Hoc|Any CPU.Build.0 = Release|Any CPU
		{E1C9D91B-4534-4000-A933-464C57EA6703}.Ad-Hoc|Any CPU.Deploy.0 = Release|Any CPU
		{E1C9D91B-4534-4000-A933-464C57EA6703}.Ad-Hoc|iPhone.ActiveCfg = Release|Any CPU
		{E1C9D91B-4534-4000-A933-464C57EA6703}.Ad-Hoc|iPhone.Build.0 = Release|Any CPU
		{E1C9D91B-4534-4000-A933-464C57EA6703}.Ad-Hoc|iPhone.Deploy.0 = Release|Any CPU
		{E1C9D91B-4534-4000-A933-464C57EA6703}.Ad-Hoc|iPhoneSimulator.ActiveCfg = Release|Any CPU
		{E1C9D91B-4534-4000-A933-464C57EA6703}.Ad-Hoc|iPhoneSimulator.Build.0 = Release|Any CPU
		{E1C9D91B-4534-4000-A933-464C57EA6703}.Ad-Hoc|iPhoneSimulator.Deploy.0 = Release|Any CPU
		{E1C9D91B-4534-4000-A933-464C57EA6703}.AppStore|Any CPU.ActiveCfg = Release|Any CPU
		{E1C9D91B-4534-4000-A933-464C57EA6703}.AppStore|Any CPU.Build.0 = Release|Any CPU
		{E1C9D91B-4534-4000-A933-464C57EA6703}.AppStore|Any CPU.Deploy.0 = Release|Any CPU
		{E1C9D91B-4534-4000-A933-464C57EA6703}.AppStore|iPhone.ActiveCfg = Release|Any CPU
		{E1C9D91B-4534-4000-A933-464C57EA6703}.AppStore|iPhone.Build.0 = Release|Any CPU
		{E1C9D91B-4534-4000-A933-464C57EA6703}.AppStore|iPhone.Deploy.0 = Release|Any CPU
		{E1C9D91B-4534-4000-A933-464C57EA6703}.AppStore|iPhoneSimulator.ActiveCfg = Release|Any CPU
		{E1C9D91B-4534-4000-A933-464C57EA6703}.AppStore|iPhoneSimulator.Build.0 = Release|Any CPU
		{E1C9D91B-4534-4000-A933-464C57EA6703}.AppStore|iPhoneSimulator.Deploy.0 = Release|Any CPU
		{E1C9D91B-4534-4000-A933-464C57EA6703}.Debug|Any CPU.ActiveCfg = Debug|Any CPU
		{E1C9D91B-4534-4000-A933-464C57EA6703}.Debug|Any CPU.Build.0 = Debug|Any CPU
		{E1C9D91B-4534-4000-A933-464C57EA6703}.Debug|Any CPU.Deploy.0 = Debug|Any CPU
		{E1C9D91B-4534-4000-A933-464C57EA6703}.Debug|iPhone.ActiveCfg = Debug|Any CPU
		{E1C9D91B-4534-4000-A933-464C57EA6703}.Debug|iPhone.Build.0 = Debug|Any CPU
		{E1C9D91B-4534-4000-A933-464C57EA6703}.Debug|iPhone.Deploy.0 = Debug|Any CPU
		{E1C9D91B-4534-4000-A933-464C57EA6703}.Debug|iPhoneSimulator.ActiveCfg = Debug|Any CPU
		{E1C9D91B-4534-4000-A933-464C57EA6703}.Debug|iPhoneSimulator.Build.0 = Debug|Any CPU
		{E1C9D91B-4534-4000-A933-464C57EA6703}.Debug|iPhoneSimulator.Deploy.0 = Debug|Any CPU
		{E1C9D91B-4534-4000-A933-464C57EA6703}.Release|Any CPU.ActiveCfg = Release|Any CPU
		{E1C9D91B-4534-4000-A933-464C57EA6703}.Release|Any CPU.Build.0 = Release|Any CPU
		{E1C9D91B-4534-4000-A933-464C57EA6703}.Release|Any CPU.Deploy.0 = Release|Any CPU
		{E1C9D91B-4534-4000-A933-464C57EA6703}.Release|iPhone.ActiveCfg = Release|Any CPU
		{E1C9D91B-4534-4000-A933-464C57EA6703}.Release|iPhone.Build.0 = Release|Any CPU
		{E1C9D91B-4534-4000-A933-464C57EA6703}.Release|iPhone.Deploy.0 = Release|Any CPU
		{E1C9D91B-4534-4000-A933-464C57EA6703}.Release|iPhoneSimulator.ActiveCfg = Release|Any CPU
		{E1C9D91B-4534-4000-A933-464C57EA6703}.Release|iPhoneSimulator.Build.0 = Release|Any CPU
		{E1C9D91B-4534-4000-A933-464C57EA6703}.Release|iPhoneSimulator.Deploy.0 = Release|Any CPU
		{122CB193-70DA-4802-B0E0-50B765BC4C2C}.Ad-Hoc|Any CPU.ActiveCfg = Ad-Hoc|iPhone
		{122CB193-70DA-4802-B0E0-50B765BC4C2C}.Ad-Hoc|iPhone.ActiveCfg = Ad-Hoc|iPhone
		{122CB193-70DA-4802-B0E0-50B765BC4C2C}.Ad-Hoc|iPhone.Build.0 = Ad-Hoc|iPhone
		{122CB193-70DA-4802-B0E0-50B765BC4C2C}.Ad-Hoc|iPhoneSimulator.ActiveCfg = Ad-Hoc|iPhoneSimulator
		{122CB193-70DA-4802-B0E0-50B765BC4C2C}.Ad-Hoc|iPhoneSimulator.Build.0 = Ad-Hoc|iPhoneSimulator
		{122CB193-70DA-4802-B0E0-50B765BC4C2C}.AppStore|Any CPU.ActiveCfg = AppStore|iPhone
		{122CB193-70DA-4802-B0E0-50B765BC4C2C}.AppStore|iPhone.ActiveCfg = AppStore|iPhone
		{122CB193-70DA-4802-B0E0-50B765BC4C2C}.AppStore|iPhone.Build.0 = AppStore|iPhone
		{122CB193-70DA-4802-B0E0-50B765BC4C2C}.AppStore|iPhoneSimulator.ActiveCfg = AppStore|iPhoneSimulator
		{122CB193-70DA-4802-B0E0-50B765BC4C2C}.AppStore|iPhoneSimulator.Build.0 = AppStore|iPhoneSimulator
		{122CB193-70DA-4802-B0E0-50B765BC4C2C}.Debug|Any CPU.ActiveCfg = Debug|iPhone
		{122CB193-70DA-4802-B0E0-50B765BC4C2C}.Debug|iPhone.ActiveCfg = Debug|iPhone
		{122CB193-70DA-4802-B0E0-50B765BC4C2C}.Debug|iPhone.Build.0 = Debug|iPhone
		{122CB193-70DA-4802-B0E0-50B765BC4C2C}.Debug|iPhoneSimulator.ActiveCfg = Debug|iPhoneSimulator
		{122CB193-70DA-4802-B0E0-50B765BC4C2C}.Debug|iPhoneSimulator.Build.0 = Debug|iPhoneSimulator
		{122CB193-70DA-4802-B0E0-50B765BC4C2C}.Release|Any CPU.ActiveCfg = Release|iPhone
		{122CB193-70DA-4802-B0E0-50B765BC4C2C}.Release|iPhone.ActiveCfg = Release|iPhone
		{122CB193-70DA-4802-B0E0-50B765BC4C2C}.Release|iPhone.Build.0 = Release|iPhone
		{122CB193-70DA-4802-B0E0-50B765BC4C2C}.Release|iPhoneSimulator.ActiveCfg = Release|iPhoneSimulator
		{122CB193-70DA-4802-B0E0-50B765BC4C2C}.Release|iPhoneSimulator.Build.0 = Release|iPhoneSimulator
		{5C661864-397E-48C9-A808-BE32CE84B169}.Ad-Hoc|Any CPU.ActiveCfg = Debug|Any CPU
		{5C661864-397E-48C9-A808-BE32CE84B169}.Ad-Hoc|Any CPU.Build.0 = Debug|Any CPU
		{5C661864-397E-48C9-A808-BE32CE84B169}.Ad-Hoc|iPhone.ActiveCfg = Debug|Any CPU
		{5C661864-397E-48C9-A808-BE32CE84B169}.Ad-Hoc|iPhone.Build.0 = Debug|Any CPU
		{5C661864-397E-48C9-A808-BE32CE84B169}.Ad-Hoc|iPhoneSimulator.ActiveCfg = Debug|Any CPU
		{5C661864-397E-48C9-A808-BE32CE84B169}.Ad-Hoc|iPhoneSimulator.Build.0 = Debug|Any CPU
		{5C661864-397E-48C9-A808-BE32CE84B169}.AppStore|Any CPU.ActiveCfg = Debug|Any CPU
		{5C661864-397E-48C9-A808-BE32CE84B169}.AppStore|Any CPU.Build.0 = Debug|Any CPU
		{5C661864-397E-48C9-A808-BE32CE84B169}.AppStore|iPhone.ActiveCfg = Debug|Any CPU
		{5C661864-397E-48C9-A808-BE32CE84B169}.AppStore|iPhone.Build.0 = Debug|Any CPU
		{5C661864-397E-48C9-A808-BE32CE84B169}.AppStore|iPhoneSimulator.ActiveCfg = Debug|Any CPU
		{5C661864-397E-48C9-A808-BE32CE84B169}.AppStore|iPhoneSimulator.Build.0 = Debug|Any CPU
		{5C661864-397E-48C9-A808-BE32CE84B169}.Debug|Any CPU.ActiveCfg = Debug|Any CPU
		{5C661864-397E-48C9-A808-BE32CE84B169}.Debug|Any CPU.Build.0 = Debug|Any CPU
		{5C661864-397E-48C9-A808-BE32CE84B169}.Debug|iPhone.ActiveCfg = Debug|Any CPU
		{5C661864-397E-48C9-A808-BE32CE84B169}.Debug|iPhone.Build.0 = Debug|Any CPU
		{5C661864-397E-48C9-A808-BE32CE84B169}.Debug|iPhoneSimulator.ActiveCfg = Debug|Any CPU
		{5C661864-397E-48C9-A808-BE32CE84B169}.Debug|iPhoneSimulator.Build.0 = Debug|Any CPU
		{5C661864-397E-48C9-A808-BE32CE84B169}.Release|Any CPU.ActiveCfg = Release|Any CPU
		{5C661864-397E-48C9-A808-BE32CE84B169}.Release|Any CPU.Build.0 = Release|Any CPU
		{5C661864-397E-48C9-A808-BE32CE84B169}.Release|iPhone.ActiveCfg = Release|Any CPU
		{5C661864-397E-48C9-A808-BE32CE84B169}.Release|iPhone.Build.0 = Release|Any CPU
		{5C661864-397E-48C9-A808-BE32CE84B169}.Release|iPhoneSimulator.ActiveCfg = Release|Any CPU
		{5C661864-397E-48C9-A808-BE32CE84B169}.Release|iPhoneSimulator.Build.0 = Release|Any CPU
		{BBC15AC4-45CB-40D1-928A-91C047D52F1A}.Ad-Hoc|Any CPU.ActiveCfg = Debug|Any CPU
		{BBC15AC4-45CB-40D1-928A-91C047D52F1A}.Ad-Hoc|Any CPU.Build.0 = Debug|Any CPU
		{BBC15AC4-45CB-40D1-928A-91C047D52F1A}.Ad-Hoc|iPhone.ActiveCfg = Debug|Any CPU
		{BBC15AC4-45CB-40D1-928A-91C047D52F1A}.Ad-Hoc|iPhone.Build.0 = Debug|Any CPU
		{BBC15AC4-45CB-40D1-928A-91C047D52F1A}.Ad-Hoc|iPhoneSimulator.ActiveCfg = Debug|Any CPU
		{BBC15AC4-45CB-40D1-928A-91C047D52F1A}.Ad-Hoc|iPhoneSimulator.Build.0 = Debug|Any CPU
		{BBC15AC4-45CB-40D1-928A-91C047D52F1A}.AppStore|Any CPU.ActiveCfg = Debug|Any CPU
		{BBC15AC4-45CB-40D1-928A-91C047D52F1A}.AppStore|Any CPU.Build.0 = Debug|Any CPU
		{BBC15AC4-45CB-40D1-928A-91C047D52F1A}.AppStore|iPhone.ActiveCfg = Debug|Any CPU
		{BBC15AC4-45CB-40D1-928A-91C047D52F1A}.AppStore|iPhone.Build.0 = Debug|Any CPU
		{BBC15AC4-45CB-40D1-928A-91C047D52F1A}.AppStore|iPhoneSimulator.ActiveCfg = Debug|Any CPU
		{BBC15AC4-45CB-40D1-928A-91C047D52F1A}.AppStore|iPhoneSimulator.Build.0 = Debug|Any CPU
		{BBC15AC4-45CB-40D1-928A-91C047D52F1A}.Debug|Any CPU.ActiveCfg = Debug|Any CPU
		{BBC15AC4-45CB-40D1-928A-91C047D52F1A}.Debug|Any CPU.Build.0 = Debug|Any CPU
		{BBC15AC4-45CB-40D1-928A-91C047D52F1A}.Debug|iPhone.ActiveCfg = Debug|Any CPU
		{BBC15AC4-45CB-40D1-928A-91C047D52F1A}.Debug|iPhone.Build.0 = Debug|Any CPU
		{BBC15AC4-45CB-40D1-928A-91C047D52F1A}.Debug|iPhoneSimulator.ActiveCfg = Debug|Any CPU
		{BBC15AC4-45CB-40D1-928A-91C047D52F1A}.Debug|iPhoneSimulator.Build.0 = Debug|Any CPU
		{BBC15AC4-45CB-40D1-928A-91C047D52F1A}.Release|Any CPU.ActiveCfg = Release|Any CPU
		{BBC15AC4-45CB-40D1-928A-91C047D52F1A}.Release|Any CPU.Build.0 = Release|Any CPU
		{BBC15AC4-45CB-40D1-928A-91C047D52F1A}.Release|iPhone.ActiveCfg = Release|Any CPU
		{BBC15AC4-45CB-40D1-928A-91C047D52F1A}.Release|iPhone.Build.0 = Release|Any CPU
		{BBC15AC4-45CB-40D1-928A-91C047D52F1A}.Release|iPhoneSimulator.ActiveCfg = Release|Any CPU
		{BBC15AC4-45CB-40D1-928A-91C047D52F1A}.Release|iPhoneSimulator.Build.0 = Release|Any CPU
	EndGlobalSection
	GlobalSection(SolutionProperties) = preSolution
		HideSolutionNode = FALSE
	EndGlobalSection
	GlobalSection(ExtensibilityGlobals) = postSolution
		SolutionGuid = {331A6232-3E0C-48B2-B505-BB12A22E2A88}
	EndGlobalSection
EndGlobal
